// !$*UTF8*$!
{
	archiveVersion = 1;
	classes = {
	};
	objectVersion = 50;
	objects = {

/* Begin PBXBuildFile section */
		ED5A6C6A2181AF5B002FB84F /* AppDelegate.m in Sources */ = {isa = PBXBuildFile; fileRef = ED5A6C692181AF5B002FB84F /* AppDelegate.m */; };
		ED5A6C6D2181AF5B002FB84F /* ViewController.m in Sources */ = {isa = PBXBuildFile; fileRef = ED5A6C6C2181AF5B002FB84F /* ViewController.m */; };
		ED5A6C702181AF5B002FB84F /* Main.storyboard in Resources */ = {isa = PBXBuildFile; fileRef = ED5A6C6E2181AF5B002FB84F /* Main.storyboard */; };
		ED5A6C722181AF5B002FB84F /* Assets.xcassets in Resources */ = {isa = PBXBuildFile; fileRef = ED5A6C712181AF5B002FB84F /* Assets.xcassets */; };
		ED5A6C752181AF5B002FB84F /* LaunchScreen.storyboard in Resources */ = {isa = PBXBuildFile; fileRef = ED5A6C732181AF5B002FB84F /* LaunchScreen.storyboard */; };
		ED5A6C782181AF5B002FB84F /* main.m in Sources */ = {isa = PBXBuildFile; fileRef = ED5A6C772181AF5B002FB84F /* main.m */; };
		ED5A6C822181AF5C002FB84F /* CZTestLibDemoTests.m in Sources */ = {isa = PBXBuildFile; fileRef = ED5A6C812181AF5C002FB84F /* CZTestLibDemoTests.m */; };
		ED5A6C8D2181AF5C002FB84F /* CZTestLibDemoUITests.m in Sources */ = {isa = PBXBuildFile; fileRef = ED5A6C8C2181AF5C002FB84F /* CZTestLibDemoUITests.m */; };
/* End PBXBuildFile section */

/* Begin PBXContainerItemProxy section */
		ED5A6C7E2181AF5C002FB84F /* PBXContainerItemProxy */ = {
			isa = PBXContainerItemProxy;
			containerPortal = ED5A6C5D2181AF5A002FB84F /* Project object */;
			proxyType = 1;
			remoteGlobalIDString = ED5A6C642181AF5A002FB84F;
			remoteInfo = CZTestLibDemo;
		};
		ED5A6C892181AF5C002FB84F /* PBXContainerItemProxy */ = {
			isa = PBXContainerItemProxy;
			containerPortal = ED5A6C5D2181AF5A002FB84F /* Project object */;
			proxyType = 1;
			remoteGlobalIDString = ED5A6C642181AF5A002FB84F;
			remoteInfo = CZTestLibDemo;
		};
/* End PBXContainerItemProxy section */

/* Begin PBXFileReference section */
		ED5A6C652181AF5A002FB84F /* CZTestLibDemo.app */ = {isa = PBXFileReference; explicitFileType = wrapper.application; includeInIndex = 0; path = CZTestLibDemo.app; sourceTree = BUILT_PRODUCTS_DIR; };
		ED5A6C682181AF5A002FB84F /* AppDelegate.h */ = {isa = PBXFileReference; lastKnownFileType = sourcecode.c.h; path = AppDelegate.h; sourceTree = "<group>"; };
		ED5A6C692181AF5B002FB84F /* AppDelegate.m */ = {isa = PBXFileReference; lastKnownFileType = sourcecode.c.objc; path = AppDelegate.m; sourceTree = "<group>"; };
		ED5A6C6B2181AF5B002FB84F /* ViewController.h */ = {isa = PBXFileReference; lastKnownFileType = sourcecode.c.h; path = ViewController.h; sourceTree = "<group>"; };
		ED5A6C6C2181AF5B002FB84F /* ViewController.m */ = {isa = PBXFileReference; lastKnownFileType = sourcecode.c.objc; path = ViewController.m; sourceTree = "<group>"; };
		ED5A6C6F2181AF5B002FB84F /* Base */ = {isa = PBXFileReference; lastKnownFileType = file.storyboard; name = Base; path = Base.lproj/Main.storyboard; sourceTree = "<group>"; };
		ED5A6C712181AF5B002FB84F /* Assets.xcassets */ = {isa = PBXFileReference; lastKnownFileType = folder.assetcatalog; path = Assets.xcassets; sourceTree = "<group>"; };
		ED5A6C742181AF5B002FB84F /* Base */ = {isa = PBXFileReference; lastKnownFileType = file.storyboard; name = Base; path = Base.lproj/LaunchScreen.storyboard; sourceTree = "<group>"; };
		ED5A6C762181AF5B002FB84F /* Info.plist */ = {isa = PBXFileReference; lastKnownFileType = text.plist.xml; path = Info.plist; sourceTree = "<group>"; };
		ED5A6C772181AF5B002FB84F /* main.m */ = {isa = PBXFileReference; lastKnownFileType = sourcecode.c.objc; path = main.m; sourceTree = "<group>"; };
		ED5A6C7D2181AF5C002FB84F /* CZTestLibDemoTests.xctest */ = {isa = PBXFileReference; explicitFileType = wrapper.cfbundle; includeInIndex = 0; path = CZTestLibDemoTests.xctest; sourceTree = BUILT_PRODUCTS_DIR; };
		ED5A6C812181AF5C002FB84F /* CZTestLibDemoTests.m */ = {isa = PBXFileReference; lastKnownFileType = sourcecode.c.objc; path = CZTestLibDemoTests.m; sourceTree = "<group>"; };
		ED5A6C832181AF5C002FB84F /* Info.plist */ = {isa = PBXFileReference; lastKnownFileType = text.plist.xml; path = Info.plist; sourceTree = "<group>"; };
		ED5A6C882181AF5C002FB84F /* CZTestLibDemoUITests.xctest */ = {isa = PBXFileReference; explicitFileType = wrapper.cfbundle; includeInIndex = 0; path = CZTestLibDemoUITests.xctest; sourceTree = BUILT_PRODUCTS_DIR; };
		ED5A6C8C2181AF5C002FB84F /* CZTestLibDemoUITests.m */ = {isa = PBXFileReference; lastKnownFileType = sourcecode.c.objc; path = CZTestLibDemoUITests.m; sourceTree = "<group>"; };
		ED5A6C8E2181AF5C002FB84F /* Info.plist */ = {isa = PBXFileReference; lastKnownFileType = text.plist.xml; path = Info.plist; sourceTree = "<group>"; };
/* End PBXFileReference section */

/* Begin PBXFrameworksBuildPhase section */
		ED5A6C622181AF5A002FB84F /* Frameworks */ = {
			isa = PBXFrameworksBuildPhase;
			buildActionMask = 2147483647;
			files = (
			);
			runOnlyForDeploymentPostprocessing = 0;
		};
		ED5A6C7A2181AF5C002FB84F /* Frameworks */ = {
			isa = PBXFrameworksBuildPhase;
			buildActionMask = 2147483647;
			files = (
			);
			runOnlyForDeploymentPostprocessing = 0;
		};
		ED5A6C852181AF5C002FB84F /* Frameworks */ = {
			isa = PBXFrameworksBuildPhase;
			buildActionMask = 2147483647;
			files = (
			);
			runOnlyForDeploymentPostprocessing = 0;
		};
/* End PBXFrameworksBuildPhase section */

/* Begin PBXGroup section */
		ED5A6C5C2181AF5A002FB84F = {
			isa = PBXGroup;
			children = (
				ED5A6C672181AF5A002FB84F /* CZTestLibDemo */,
				ED5A6C802181AF5C002FB84F /* CZTestLibDemoTests */,
				ED5A6C8B2181AF5C002FB84F /* CZTestLibDemoUITests */,
				ED5A6C662181AF5A002FB84F /* Products */,
			);
			sourceTree = "<group>";
		};
		ED5A6C662181AF5A002FB84F /* Products */ = {
			isa = PBXGroup;
			children = (
				ED5A6C652181AF5A002FB84F /* CZTestLibDemo.app */,
				ED5A6C7D2181AF5C002FB84F /* CZTestLibDemoTests.xctest */,
				ED5A6C882181AF5C002FB84F /* CZTestLibDemoUITests.xctest */,
			);
			name = Products;
			sourceTree = "<group>";
		};
		ED5A6C672181AF5A002FB84F /* CZTestLibDemo */ = {
			isa = PBXGroup;
			children = (
				ED5A6C682181AF5A002FB84F /* AppDelegate.h */,
				ED5A6C692181AF5B002FB84F /* AppDelegate.m */,
				ED5A6C6B2181AF5B002FB84F /* ViewController.h */,
				ED5A6C6C2181AF5B002FB84F /* ViewController.m */,
				ED5A6C6E2181AF5B002FB84F /* Main.storyboard */,
				ED5A6C712181AF5B002FB84F /* Assets.xcassets */,
				ED5A6C732181AF5B002FB84F /* LaunchScreen.storyboard */,
				ED5A6C762181AF5B002FB84F /* Info.plist */,
				ED5A6C772181AF5B002FB84F /* main.m */,
			);
			path = CZTestLibDemo;
			sourceTree = "<group>";
		};
		ED5A6C802181AF5C002FB84F /* CZTestLibDemoTests */ = {
			isa = PBXGroup;
			children = (
				ED5A6C812181AF5C002FB84F /* CZTestLibDemoTests.m */,
				ED5A6C832181AF5C002FB84F /* Info.plist */,
			);
			path = CZTestLibDemoTests;
			sourceTree = "<group>";
		};
		ED5A6C8B2181AF5C002FB84F /* CZTestLibDemoUITests */ = {
			isa = PBXGroup;
			children = (
				ED5A6C8C2181AF5C002FB84F /* CZTestLibDemoUITests.m */,
				ED5A6C8E2181AF5C002FB84F /* Info.plist */,
			);
			path = CZTestLibDemoUITests;
			sourceTree = "<group>";
		};
/* End PBXGroup section */

/* Begin PBXNativeTarget section */
		ED5A6C642181AF5A002FB84F /* CZTestLibDemo */ = {
			isa = PBXNativeTarget;
			buildConfigurationList = ED5A6C912181AF5C002FB84F /* Build configuration list for PBXNativeTarget "CZTestLibDemo" */;
			buildPhases = (
				ED5A6C612181AF5A002FB84F /* Sources */,
				ED5A6C622181AF5A002FB84F /* Frameworks */,
				ED5A6C632181AF5A002FB84F /* Resources */,
			);
			buildRules = (
			);
			dependencies = (
			);
			name = CZTestLibDemo;
			productName = CZTestLibDemo;
			productReference = ED5A6C652181AF5A002FB84F /* CZTestLibDemo.app */;
			productType = "com.apple.product-type.application";
		};
		ED5A6C7C2181AF5C002FB84F /* CZTestLibDemoTests */ = {
			isa = PBXNativeTarget;
			buildConfigurationList = ED5A6C942181AF5C002FB84F /* Build configuration list for PBXNativeTarget "CZTestLibDemoTests" */;
			buildPhases = (
				ED5A6C792181AF5C002FB84F /* Sources */,
				ED5A6C7A2181AF5C002FB84F /* Frameworks */,
				ED5A6C7B2181AF5C002FB84F /* Resources */,
			);
			buildRules = (
			);
			dependencies = (
				ED5A6C7F2181AF5C002FB84F /* PBXTargetDependency */,
			);
			name = CZTestLibDemoTests;
			productName = CZTestLibDemoTests;
			productReference = ED5A6C7D2181AF5C002FB84F /* CZTestLibDemoTests.xctest */;
			productType = "com.apple.product-type.bundle.unit-test";
		};
		ED5A6C872181AF5C002FB84F /* CZTestLibDemoUITests */ = {
			isa = PBXNativeTarget;
			buildConfigurationList = ED5A6C972181AF5C002FB84F /* Build configuration list for PBXNativeTarget "CZTestLibDemoUITests" */;
			buildPhases = (
				ED5A6C842181AF5C002FB84F /* Sources */,
				ED5A6C852181AF5C002FB84F /* Frameworks */,
				ED5A6C862181AF5C002FB84F /* Resources */,
			);
			buildRules = (
			);
			dependencies = (
				ED5A6C8A2181AF5C002FB84F /* PBXTargetDependency */,
			);
			name = CZTestLibDemoUITests;
			productName = CZTestLibDemoUITests;
			productReference = ED5A6C882181AF5C002FB84F /* CZTestLibDemoUITests.xctest */;
			productType = "com.apple.product-type.bundle.ui-testing";
		};
/* End PBXNativeTarget section */

/* Begin PBXProject section */
		ED5A6C5D2181AF5A002FB84F /* Project object */ = {
			isa = PBXProject;
			attributes = {
				LastUpgradeCheck = 1000;
				ORGANIZATIONNAME = wnkpzzz;
				TargetAttributes = {
					ED5A6C642181AF5A002FB84F = {
						CreatedOnToolsVersion = 10.0;
					};
					ED5A6C7C2181AF5C002FB84F = {
						CreatedOnToolsVersion = 10.0;
						TestTargetID = ED5A6C642181AF5A002FB84F;
					};
					ED5A6C872181AF5C002FB84F = {
						CreatedOnToolsVersion = 10.0;
						TestTargetID = ED5A6C642181AF5A002FB84F;
					};
				};
			};
			buildConfigurationList = ED5A6C602181AF5A002FB84F /* Build configuration list for PBXProject "CZTestLibDemo" */;
			compatibilityVersion = "Xcode 9.3";
			developmentRegion = en;
			hasScannedForEncodings = 0;
			knownRegions = (
				en,
				Base,
			);
			mainGroup = ED5A6C5C2181AF5A002FB84F;
			productRefGroup = ED5A6C662181AF5A002FB84F /* Products */;
			projectDirPath = "";
			projectRoot = "";
			targets = (
				ED5A6C642181AF5A002FB84F /* CZTestLibDemo */,
				ED5A6C7C2181AF5C002FB84F /* CZTestLibDemoTests */,
				ED5A6C872181AF5C002FB84F /* CZTestLibDemoUITests */,
			);
		};
/* End PBXProject section */

/* Begin PBXResourcesBuildPhase section */
		ED5A6C632181AF5A002FB84F /* Resources */ = {
			isa = PBXResourcesBuildPhase;
			buildActionMask = 2147483647;
			files = (
				ED5A6C752181AF5B002FB84F /* LaunchScreen.storyboard in Resources */,
				ED5A6C722181AF5B002FB84F /* Assets.xcassets in Resources */,
				ED5A6C702181AF5B002FB84F /* Main.storyboard in Resources */,
			);
			runOnlyForDeploymentPostprocessing = 0;
		};
		ED5A6C7B2181AF5C002FB84F /* Resources */ = {
			isa = PBXResourcesBuildPhase;
			buildActionMask = 2147483647;
			files = (
			);
			runOnlyForDeploymentPostprocessing = 0;
		};
		ED5A6C862181AF5C002FB84F /* Resources */ = {
			isa = PBXResourcesBuildPhase;
			buildActionMask = 2147483647;
			files = (
			);
			runOnlyForDeploymentPostprocessing = 0;
		};
/* End PBXResourcesBuildPhase section */

/* Begin PBXSourcesBuildPhase section */
		ED5A6C612181AF5A002FB84F /* Sources */ = {
			isa = PBXSourcesBuildPhase;
			buildActionMask = 2147483647;
			files = (
				ED5A6C6D2181AF5B002FB84F /* ViewController.m in Sources */,
				ED5A6C782181AF5B002FB84F /* main.m in Sources */,
				ED5A6C6A2181AF5B002FB84F /* AppDelegate.m in Sources */,
			);
			runOnlyForDeploymentPostprocessing = 0;
		};
		ED5A6C792181AF5C002FB84F /* Sources */ = {
			isa = PBXSourcesBuildPhase;
			buildActionMask = 2147483647;
			files = (
				ED5A6C822181AF5C002FB84F /* CZTestLibDemoTests.m in Sources */,
			);
			runOnlyForDeploymentPostprocessing = 0;
		};
		ED5A6C842181AF5C002FB84F /* Sources */ = {
			isa = PBXSourcesBuildPhase;
			buildActionMask = 2147483647;
			files = (
				ED5A6C8D2181AF5C002FB84F /* CZTestLibDemoUITests.m in Sources */,
			);
			runOnlyForDeploymentPostprocessing = 0;
		};
/* End PBXSourcesBuildPhase section */

/* Begin PBXTargetDependency section */
		ED5A6C7F2181AF5C002FB84F /* PBXTargetDependency */ = {
			isa = PBXTargetDependency;
			target = ED5A6C642181AF5A002FB84F /* CZTestLibDemo */;
			targetProxy = ED5A6C7E2181AF5C002FB84F /* PBXContainerItemProxy */;
		};
		ED5A6C8A2181AF5C002FB84F /* PBXTargetDependency */ = {
			isa = PBXTargetDependency;
			target = ED5A6C642181AF5A002FB84F /* CZTestLibDemo */;
			targetProxy = ED5A6C892181AF5C002FB84F /* PBXContainerItemProxy */;
		};
/* End PBXTargetDependency section */

/* Begin PBXVariantGroup section */
		ED5A6C6E2181AF5B002FB84F /* Main.storyboard */ = {
			isa = PBXVariantGroup;
			children = (
				ED5A6C6F2181AF5B002FB84F /* Base */,
			);
			name = Main.storyboard;
			sourceTree = "<group>";
		};
		ED5A6C732181AF5B002FB84F /* LaunchScreen.storyboard */ = {
			isa = PBXVariantGroup;
			children = (
				ED5A6C742181AF5B002FB84F /* Base */,
			);
			name = LaunchScreen.storyboard;
			sourceTree = "<group>";
		};
/* End PBXVariantGroup section */

/* Begin XCBuildConfiguration section */
		ED5A6C8F2181AF5C002FB84F /* Debug */ = {
			isa = XCBuildConfiguration;
			buildSettings = {
				ALWAYS_SEARCH_USER_PATHS = NO;
				CLANG_ANALYZER_NONNULL = YES;
				CLANG_ANALYZER_NUMBER_OBJECT_CONVERSION = YES_AGGRESSIVE;
				CLANG_CXX_LANGUAGE_STANDARD = "gnu++14";
				CLANG_CXX_LIBRARY = "libc++";
				CLANG_ENABLE_MODULES = YES;
				CLANG_ENABLE_OBJC_ARC = YES;
				CLANG_ENABLE_OBJC_WEAK = YES;
				CLANG_WARN_BLOCK_CAPTURE_AUTORELEASING = YES;
				CLANG_WARN_BOOL_CONVERSION = YES;
				CLANG_WARN_COMMA = YES;
				CLANG_WARN_CONSTANT_CONVERSION = YES;
				CLANG_WARN_DEPRECATED_OBJC_IMPLEMENTATIONS = YES;
				CLANG_WARN_DIRECT_OBJC_ISA_USAGE = YES_ERROR;
				CLANG_WARN_DOCUMENTATION_COMMENTS = YES;
				CLANG_WARN_EMPTY_BODY = YES;
				CLANG_WARN_ENUM_CONVERSION = YES;
				CLANG_WARN_INFINITE_RECURSION = YES;
				CLANG_WARN_INT_CONVERSION = YES;
				CLANG_WARN_NON_LITERAL_NULL_CONVERSION = YES;
				CLANG_WARN_OBJC_IMPLICIT_RETAIN_SELF = YES;
				CLANG_WARN_OBJC_LITERAL_CONVERSION = YES;
				CLANG_WARN_OBJC_ROOT_CLASS = YES_ERROR;
				CLANG_WARN_RANGE_LOOP_ANALYSIS = YES;
				CLANG_WARN_STRICT_PROTOTYPES = YES;
				CLANG_WARN_SUSPICIOUS_MOVE = YES;
				CLANG_WARN_UNGUARDED_AVAILABILITY = YES_AGGRESSIVE;
				CLANG_WARN_UNREACHABLE_CODE = YES;
				CLANG_WARN__DUPLICATE_METHOD_MATCH = YES;
				CODE_SIGN_IDENTITY = "iPhone Developer";
				COPY_PHASE_STRIP = NO;
				DEBUG_INFORMATION_FORMAT = dwarf;
				ENABLE_STRICT_OBJC_MSGSEND = YES;
				ENABLE_TESTABILITY = YES;
				GCC_C_LANGUAGE_STANDARD = gnu11;
				GCC_DYNAMIC_NO_PIC = NO;
				GCC_NO_COMMON_BLOCKS = YES;
				GCC_OPTIMIZATION_LEVEL = 0;
				GCC_PREPROCESSOR_DEFINITIONS = (
					"DEBUG=1",
					"$(inherited)",
				);
				GCC_WARN_64_TO_32_BIT_CONVERSION = YES;
				GCC_WARN_ABOUT_RETURN_TYPE = YES_ERROR;
				GCC_WARN_UNDECLARED_SELECTOR = YES;
				GCC_WARN_UNINITIALIZED_AUTOS = YES_AGGRESSIVE;
				GCC_WARN_UNUSED_FUNCTION = YES;
				GCC_WARN_UNUSED_VARIABLE = YES;
				IPHONEOS_DEPLOYMENT_TARGET = 12.0;
				MTL_ENABLE_DEBUG_INFO = INCLUDE_SOURCE;
				MTL_FAST_MATH = YES;
				ONLY_ACTIVE_ARCH = YES;
				SDKROOT = iphoneos;
			};
			name = Debug;
		};
		ED5A6C902181AF5C002FB84F /* Release */ = {
			isa = XCBuildConfiguration;
			buildSettings = {
				ALWAYS_SEARCH_USER_PATHS = NO;
				CLANG_ANALYZER_NONNULL = YES;
				CLANG_ANALYZER_NUMBER_OBJECT_CONVERSION = YES_AGGRESSIVE;
				CLANG_CXX_LANGUAGE_STANDARD = "gnu++14";
				CLANG_CXX_LIBRARY = "libc++";
				CLANG_ENABLE_MODULES = YES;
				CLANG_ENABLE_OBJC_ARC = YES;
				CLANG_ENABLE_OBJC_WEAK = YES;
				CLANG_WARN_BLOCK_CAPTURE_AUTORELEASING = YES;
				CLANG_WARN_BOOL_CONVERSION = YES;
				CLANG_WARN_COMMA = YES;
				CLANG_WARN_CONSTANT_CONVERSION = YES;
				CLANG_WARN_DEPRECATED_OBJC_IMPLEMENTATIONS = YES;
				CLANG_WARN_DIRECT_OBJC_ISA_USAGE = YES_ERROR;
				CLANG_WARN_DOCUMENTATION_COMMENTS = YES;
				CLANG_WARN_EMPTY_BODY = YES;
				CLANG_WARN_ENUM_CONVERSION = YES;
				CLANG_WARN_INFINITE_RECURSION = YES;
				CLANG_WARN_INT_CONVERSION = YES;
				CLANG_WARN_NON_LITERAL_NULL_CONVERSION = YES;
				CLANG_WARN_OBJC_IMPLICIT_RETAIN_SELF = YES;
				CLANG_WARN_OBJC_LITERAL_CONVERSION = YES;
				CLANG_WARN_OBJC_ROOT_CLASS = YES_ERROR;
				CLANG_WARN_RANGE_LOOP_ANALYSIS = YES;
				CLANG_WARN_STRICT_PROTOTYPES = YES;
				CLANG_WARN_SUSPICIOUS_MOVE = YES;
				CLANG_WARN_UNGUARDED_AVAILABILITY = YES_AGGRESSIVE;
				CLANG_WARN_UNREACHABLE_CODE = YES;
				CLANG_WARN__DUPLICATE_METHOD_MATCH = YES;
				CODE_SIGN_IDENTITY = "iPhone Developer";
				COPY_PHASE_STRIP = NO;
				DEBUG_INFORMATION_FORMAT = "dwarf-with-dsym";
				ENABLE_NS_ASSERTIONS = NO;
				ENABLE_STRICT_OBJC_MSGSEND = YES;
				GCC_C_LANGUAGE_STANDARD = gnu11;
				GCC_NO_COMMON_BLOCKS = YES;
				GCC_WARN_64_TO_32_BIT_CONVERSION = YES;
				GCC_WARN_ABOUT_RETURN_TYPE = YES_ERROR;
				GCC_WARN_UNDECLARED_SELECTOR = YES;
				GCC_WARN_UNINITIALIZED_AUTOS = YES_AGGRESSIVE;
				GCC_WARN_UNUSED_FUNCTION = YES;
				GCC_WARN_UNUSED_VARIABLE = YES;
				IPHONEOS_DEPLOYMENT_TARGET = 12.0;
				MTL_ENABLE_DEBUG_INFO = NO;
				MTL_FAST_MATH = YES;
				SDKROOT = iphoneos;
				VALIDATE_PRODUCT = YES;
			};
			name = Release;
		};
		ED5A6C922181AF5C002FB84F /* Debug */ = {
			isa = XCBuildConfiguration;
			buildSettings = {
				ASSETCATALOG_COMPILER_APPICON_NAME = AppIcon;
				CODE_SIGN_STYLE = Automatic;
				INFOPLIST_FILE = CZTestLibDemo/Info.plist;
				LD_RUNPATH_SEARCH_PATHS = (
					"$(inherited)",
					"@executable_path/Frameworks",
				);
				PRODUCT_BUNDLE_IDENTIFIER = com.cz.wnkpzzz.CZTestLibDemo;
				PRODUCT_NAME = "$(TARGET_NAME)";
				TARGETED_DEVICE_FAMILY = "1,2";
			};
			name = Debug;
		};
		ED5A6C932181AF5C002FB84F /* Release */ = {
			isa = XCBuildConfiguration;
			buildSettings = {
				ASSETCATALOG_COMPILER_APPICON_NAME = AppIcon;
				CODE_SIGN_STYLE = Automatic;
				INFOPLIST_FILE = CZTestLibDemo/Info.plist;
				LD_RUNPATH_SEARCH_PATHS = (
					"$(inherited)",
					"@executable_path/Frameworks",
				);
				PRODUCT_BUNDLE_IDENTIFIER = com.cz.wnkpzzz.CZTestLibDemo;
				PRODUCT_NAME = "$(TARGET_NAME)";
				TARGETED_DEVICE_FAMILY = "1,2";
			};
			name = Release;
		};
		ED5A6C952181AF5C002FB84F /* Debug */ = {
			isa = XCBuildConfiguration;
			buildSettings = {
				BUNDLE_LOADER = "$(TEST_HOST)";
				CODE_SIGN_STYLE = Automatic;
				INFOPLIST_FILE = CZTestLibDemoTests/Info.plist;
				LD_RUNPATH_SEARCH_PATHS = (
					"$(inherited)",
					"@executable_path/Frameworks",
					"@loader_path/Frameworks",
				);
				PRODUCT_BUNDLE_IDENTIFIER = com.cz.wnkpzzz.CZTestLibDemoTests;
				PRODUCT_NAME = "$(TARGET_NAME)";
				TARGETED_DEVICE_FAMILY = "1,2";
				TEST_HOST = "$(BUILT_PRODUCTS_DIR)/CZTestLibDemo.app/CZTestLibDemo";
			};
			name = Debug;
		};
		ED5A6C962181AF5C002FB84F /* Release */ = {
			isa = XCBuildConfiguration;
			buildSettings = {
				BUNDLE_LOADER = "$(TEST_HOST)";
				CODE_SIGN_STYLE = Automatic;
				INFOPLIST_FILE = CZTestLibDemoTests/Info.plist;
				LD_RUNPATH_SEARCH_PATHS = (
					"$(inherited)",
					"@executable_path/Frameworks",
					"@loader_path/Frameworks",
				);
				PRODUCT_BUNDLE_IDENTIFIER = com.cz.wnkpzzz.CZTestLibDemoTests;
				PRODUCT_NAME = "$(TARGET_NAME)";
				TARGETED_DEVICE_FAMILY = "1,2";
				TEST_HOST = "$(BUILT_PRODUCTS_DIR)/CZTestLibDemo.app/CZTestLibDemo";
			};
			name = Release;
		};
		ED5A6C982181AF5C002FB84F /* Debug */ = {
			isa = XCBuildConfiguration;
			buildSettings = {
				CODE_SIGN_STYLE = Automatic;
				INFOPLIST_FILE = CZTestLibDemoUITests/Info.plist;
				LD_RUNPATH_SEARCH_PATHS = (
					"$(inherited)",
					"@executable_path/Frameworks",
					"@loader_path/Frameworks",
				);
				PRODUCT_BUNDLE_IDENTIFIER = com.cz.wnkpzzz.CZTestLibDemoUITests;
				PRODUCT_NAME = "$(TARGET_NAME)";
				TARGETED_DEVICE_FAMILY = "1,2";
				TEST_TARGET_NAME = CZTestLibDemo;
			};
			name = Debug;
		};
		ED5A6C992181AF5C002FB84F /* Release */ = {
			isa = XCBuildConfiguration;
			buildSettings = {
				CODE_SIGN_STYLE = Automatic;
				INFOPLIST_FILE = CZTestLibDemoUITests/Info.plist;
				LD_RUNPATH_SEARCH_PATHS = (
					"$(inherited)",
					"@executable_path/Frameworks",
					"@loader_path/Frameworks",
				);
				PRODUCT_BUNDLE_IDENTIFIER = com.cz.wnkpzzz.CZTestLibDemoUITests;
				PRODUCT_NAME = "$(TARGET_NAME)";
				TARGETED_DEVICE_FAMILY = "1,2";
				TEST_TARGET_NAME = CZTestLibDemo;
			};
			name = Release;
		};
/* End XCBuildConfiguration section */

/* Begin XCConfigurationList section */
		ED5A6C602181AF5A002FB84F /* Build configuration list for PBXProject "CZTestLibDemo" */ = {
			isa = XCConfigurationList;
			buildConfigurations = (
				ED5A6C8F2181AF5C002FB84F /* Debug */,
				ED5A6C902181AF5C002FB84F /* Release */,
			);
			defaultConfigurationIsVisible = 0;
			defaultConfigurationName = Release;
		};
		ED5A6C912181AF5C002FB84F /* Build configuration list for PBXNativeTarget "CZTestLibDemo" */ = {
			isa = XCConfigurationList;
			buildConfigurations = (
				ED5A6C922181AF5C002FB84F /* Debug */,
				ED5A6C932181AF5C002FB84F /* Release */,
			);
			defaultConfigurationIsVisible = 0;
			defaultConfigurationName = Release;
		};
		ED5A6C942181AF5C002FB84F /* Build configuration list for PBXNativeTarget "CZTestLibDemoTests" */ = {
			isa = XCConfigurationList;
			buildConfigurations = (
				ED5A6C952181AF5C002FB84F /* Debug */,
				ED5A6C962181AF5C002FB84F /* Release */,
			);
			defaultConfigurationIsVisible = 0;
			defaultConfigurationName = Release;
		};
		ED5A6C972181AF5C002FB84F /* Build configuration list for PBXNativeTarget "CZTestLibDemoUITests" */ = {
			isa = XCConfigurationList;
			buildConfigurations = (
				ED5A6C982181AF5C002FB84F /* Debug */,
				ED5A6C992181AF5C002FB84F /* Release */,
			);
			defaultConfigurationIsVisible = 0;
			defaultConfigurationName = Release;
		};
/* End XCConfigurationList section */
	};
	rootObject = ED5A6C5D2181AF5A002FB84F /* Project object */;
}
